// !$*UTF8*$!
{
	archiveVersion = 1;
	classes = {
	};
	objectVersion = 56;
	objects = {

/* Begin PBXBuildFile section */
		841DCF132BFA9C6B006FFE27 /* ToDoList_2024App.swift in Sources */ = {isa = PBXBuildFile; fileRef = 841DCF122BFA9C6B006FFE27 /* ToDoList_2024App.swift */; };
		841DCF152BFA9C6B006FFE27 /* ContentView.swift in Sources */ = {isa = PBXBuildFile; fileRef = 841DCF142BFA9C6B006FFE27 /* ContentView.swift */; };
		841DCF172BFA9C6E006FFE27 /* Assets.xcassets in Resources */ = {isa = PBXBuildFile; fileRef = 841DCF162BFA9C6E006FFE27 /* Assets.xcassets */; };
		841DCF1A2BFA9C6E006FFE27 /* Preview Assets.xcassets in Resources */ = {isa = PBXBuildFile; fileRef = 841DCF192BFA9C6E006FFE27 /* Preview Assets.xcassets */; };
		841DCF242BFA9C6E006FFE27 /* ToDoList_2024Tests.swift in Sources */ = {isa = PBXBuildFile; fileRef = 841DCF232BFA9C6E006FFE27 /* ToDoList_2024Tests.swift */; };
		841DCF2E2BFA9C6E006FFE27 /* ToDoList_2024UITests.swift in Sources */ = {isa = PBXBuildFile; fileRef = 841DCF2D2BFA9C6E006FFE27 /* ToDoList_2024UITests.swift */; };
		841DCF302BFA9C6E006FFE27 /* ToDoList_2024UITestsLaunchTests.swift in Sources */ = {isa = PBXBuildFile; fileRef = 841DCF2F2BFA9C6E006FFE27 /* ToDoList_2024UITestsLaunchTests.swift */; };
/* End PBXBuildFile section */

/* Begin PBXContainerItemProxy section */
		841DCF202BFA9C6E006FFE27 /* PBXContainerItemProxy */ = {
			isa = PBXContainerItemProxy;
			containerPortal = 841DCF072BFA9C6B006FFE27 /* Project object */;
			proxyType = 1;
			remoteGlobalIDString = 841DCF0E2BFA9C6B006FFE27;
			remoteInfo = ToDoList_2024;
		};
		841DCF2A2BFA9C6E006FFE27 /* PBXContainerItemProxy */ = {
			isa = PBXContainerItemProxy;
			containerPortal = 841DCF072BFA9C6B006FFE27 /* Project object */;
			proxyType = 1;
			remoteGlobalIDString = 841DCF0E2BFA9C6B006FFE27;
			remoteInfo = ToDoList_2024;
		};
/* End PBXContainerItemProxy section */

/* Begin PBXFileReference section */
		841DCF0F2BFA9C6B006FFE27 /* ToDoList_2024.app */ = {isa = PBXFileReference; explicitFileType = wrapper.application; includeInIndex = 0; path = ToDoList_2024.app; sourceTree = BUILT_PRODUCTS_DIR; };
		841DCF122BFA9C6B006FFE27 /* ToDoList_2024App.swift */ = {isa = PBXFileReference; lastKnownFileType = sourcecode.swift; path = ToDoList_2024App.swift; sourceTree = "<group>"; };
		841DCF142BFA9C6B006FFE27 /* ContentView.swift */ = {isa = PBXFileReference; lastKnownFileType = sourcecode.swift; path = ContentView.swift; sourceTree = "<group>"; };
		841DCF162BFA9C6E006FFE27 /* Assets.xcassets */ = {isa = PBXFileReference; lastKnownFileType = folder.assetcatalog; path = Assets.xcassets; sourceTree = "<group>"; };
		841DCF192BFA9C6E006FFE27 /* Preview Assets.xcassets */ = {isa = PBXFileReference; lastKnownFileType = folder.assetcatalog; path = "Preview Assets.xcassets"; sourceTree = "<group>"; };
		841DCF1F2BFA9C6E006FFE27 /* ToDoList_2024Tests.xctest */ = {isa = PBXFileReference; explicitFileType = wrapper.cfbundle; includeInIndex = 0; path = ToDoList_2024Tests.xctest; sourceTree = BUILT_PRODUCTS_DIR; };
		841DCF232BFA9C6E006FFE27 /* ToDoList_2024Tests.swift */ = {isa = PBXFileReference; lastKnownFileType = sourcecode.swift; path = ToDoList_2024Tests.swift; sourceTree = "<group>"; };
		841DCF292BFA9C6E006FFE27 /* ToDoList_2024UITests.xctest */ = {isa = PBXFileReference; explicitFileType = wrapper.cfbundle; includeInIndex = 0; path = ToDoList_2024UITests.xctest; sourceTree = BUILT_PRODUCTS_DIR; };
		841DCF2D2BFA9C6E006FFE27 /* ToDoList_2024UITests.swift */ = {isa = PBXFileReference; lastKnownFileType = sourcecode.swift; path = ToDoList_2024UITests.swift; sourceTree = "<group>"; };
		841DCF2F2BFA9C6E006FFE27 /* ToDoList_2024UITestsLaunchTests.swift */ = {isa = PBXFileReference; lastKnownFileType = sourcecode.swift; path = ToDoList_2024UITestsLaunchTests.swift; sourceTree = "<group>"; };
/* End PBXFileReference section */

/* Begin PBXFrameworksBuildPhase section */
		841DCF0C2BFA9C6B006FFE27 /* Frameworks */ = {
			isa = PBXFrameworksBuildPhase;
			buildActionMask = 2147483647;
			files = (
			);
			runOnlyForDeploymentPostprocessing = 0;
		};
		841DCF1C2BFA9C6E006FFE27 /* Frameworks */ = {
			isa = PBXFrameworksBuildPhase;
			buildActionMask = 2147483647;
			files = (
			);
			runOnlyForDeploymentPostprocessing = 0;
		};
		841DCF262BFA9C6E006FFE27 /* Frameworks */ = {
			isa = PBXFrameworksBuildPhase;
			buildActionMask = 2147483647;
			files = (
			);
			runOnlyForDeploymentPostprocessing = 0;
		};
/* End PBXFrameworksBuildPhase section */

/* Begin PBXGroup section */
		841DCF062BFA9C6B006FFE27 = {
			isa = PBXGroup;
			children = (
				841DCF112BFA9C6B006FFE27 /* ToDoList_2024 */,
				841DCF222BFA9C6E006FFE27 /* ToDoList_2024Tests */,
				841DCF2C2BFA9C6E006FFE27 /* ToDoList_2024UITests */,
				841DCF102BFA9C6B006FFE27 /* Products */,
			);
			sourceTree = "<group>";
		};
		841DCF102BFA9C6B006FFE27 /* Products */ = {
			isa = PBXGroup;
			children = (
				841DCF0F2BFA9C6B006FFE27 /* ToDoList_2024.app */,
				841DCF1F2BFA9C6E006FFE27 /* ToDoList_2024Tests.xctest */,
				841DCF292BFA9C6E006FFE27 /* ToDoList_2024UITests.xctest */,
			);
			name = Products;
			sourceTree = "<group>";
		};
		841DCF112BFA9C6B006FFE27 /* ToDoList_2024 */ = {
			isa = PBXGroup;
			children = (
				841DCF122BFA9C6B006FFE27 /* ToDoList_2024App.swift */,
				841DCF142BFA9C6B006FFE27 /* ContentView.swift */,
				841DCF162BFA9C6E006FFE27 /* Assets.xcassets */,
				841DCF182BFA9C6E006FFE27 /* Preview Content */,
			);
			path = ToDoList_2024;
			sourceTree = "<group>";
		};
		841DCF182BFA9C6E006FFE27 /* Preview Content */ = {
			isa = PBXGroup;
			children = (
				841DCF192BFA9C6E006FFE27 /* Preview Assets.xcassets */,
			);
			path = "Preview Content";
			sourceTree = "<group>";
		};
		841DCF222BFA9C6E006FFE27 /* ToDoList_2024Tests */ = {
			isa = PBXGroup;
			children = (
				841DCF232BFA9C6E006FFE27 /* ToDoList_2024Tests.swift */,
			);
			path = ToDoList_2024Tests;
			sourceTree = "<group>";
		};
		841DCF2C2BFA9C6E006FFE27 /* ToDoList_2024UITests */ = {
			isa = PBXGroup;
			children = (
				841DCF2D2BFA9C6E006FFE27 /* ToDoList_2024UITests.swift */,
				841DCF2F2BFA9C6E006FFE27 /* ToDoList_2024UITestsLaunchTests.swift */,
			);
			path = ToDoList_2024UITests;
			sourceTree = "<group>";
		};
/* End PBXGroup section */

/* Begin PBXNativeTarget section */
		841DCF0E2BFA9C6B006FFE27 /* ToDoList_2024 */ = {
			isa = PBXNativeTarget;
			buildConfigurationList = 841DCF332BFA9C6E006FFE27 /* Build configuration list for PBXNativeTarget "ToDoList_2024" */;
			buildPhases = (
				841DCF0B2BFA9C6B006FFE27 /* Sources */,
				841DCF0C2BFA9C6B006FFE27 /* Frameworks */,
				841DCF0D2BFA9C6B006FFE27 /* Resources */,
			);
			buildRules = (
			);
			dependencies = (
			);
			name = ToDoList_2024;
			productName = ToDoList_2024;
			productReference = 841DCF0F2BFA9C6B006FFE27 /* ToDoList_2024.app */;
			productType = "com.apple.product-type.application";
		};
		841DCF1E2BFA9C6E006FFE27 /* ToDoList_2024Tests */ = {
			isa = PBXNativeTarget;
			buildConfigurationList = 841DCF362BFA9C6E006FFE27 /* Build configuration list for PBXNativeTarget "ToDoList_2024Tests" */;
			buildPhases = (
				841DCF1B2BFA9C6E006FFE27 /* Sources */,
				841DCF1C2BFA9C6E006FFE27 /* Frameworks */,
				841DCF1D2BFA9C6E006FFE27 /* Resources */,
			);
			buildRules = (
			);
			dependencies = (
				841DCF212BFA9C6E006FFE27 /* PBXTargetDependency */,
			);
			name = ToDoList_2024Tests;
			productName = ToDoList_2024Tests;
			productReference = 841DCF1F2BFA9C6E006FFE27 /* ToDoList_2024Tests.xctest */;
			productType = "com.apple.product-type.bundle.unit-test";
		};
		841DCF282BFA9C6E006FFE27 /* ToDoList_2024UITests */ = {
			isa = PBXNativeTarget;
			buildConfigurationList = 841DCF392BFA9C6E006FFE27 /* Build configuration list for PBXNativeTarget "ToDoList_2024UITests" */;
			buildPhases = (
				841DCF252BFA9C6E006FFE27 /* Sources */,
				841DCF262BFA9C6E006FFE27 /* Frameworks */,
				841DCF272BFA9C6E006FFE27 /* Resources */,
			);
			buildRules = (
			);
			dependencies = (
				841DCF2B2BFA9C6E006FFE27 /* PBXTargetDependency */,
			);
			name = ToDoList_2024UITests;
			productName = ToDoList_2024UITests;
			productReference = 841DCF292BFA9C6E006FFE27 /* ToDoList_2024UITests.xctest */;
			productType = "com.apple.product-type.bundle.ui-testing";
		};
/* End PBXNativeTarget section */

/* Begin PBXProject section */
		841DCF072BFA9C6B006FFE27 /* Project object */ = {
			isa = PBXProject;
			attributes = {
				BuildIndependentTargetsInParallel = 1;
				LastSwiftUpdateCheck = 1520;
				LastUpgradeCheck = 1520;
				TargetAttributes = {
					841DCF0E2BFA9C6B006FFE27 = {
						CreatedOnToolsVersion = 15.2;
					};
					841DCF1E2BFA9C6E006FFE27 = {
						CreatedOnToolsVersion = 15.2;
						TestTargetID = 841DCF0E2BFA9C6B006FFE27;
					};
					841DCF282BFA9C6E006FFE27 = {
						CreatedOnToolsVersion = 15.2;
						TestTargetID = 841DCF0E2BFA9C6B006FFE27;
					};
				};
			};
			buildConfigurationList = 841DCF0A2BFA9C6B006FFE27 /* Build configuration list for PBXProject "ToDoList_2024" */;
			compatibilityVersion = "Xcode 14.0";
			developmentRegion = en;
			hasScannedForEncodings = 0;
			knownRegions = (
				en,
				Base,
			);
			mainGroup = 841DCF062BFA9C6B006FFE27;
			productRefGroup = 841DCF102BFA9C6B006FFE27 /* Products */;
			projectDirPath = "";
			projectRoot = "";
			targets = (
				841DCF0E2BFA9C6B006FFE27 /* ToDoList_2024 */,
				841DCF1E2BFA9C6E006FFE27 /* ToDoList_2024Tests */,
				841DCF282BFA9C6E006FFE27 /* ToDoList_2024UITests */,
			);
		};
/* End PBXProject section */

/* Begin PBXResourcesBuildPhase section */
		841DCF0D2BFA9C6B006FFE27 /* Resources */ = {
			isa = PBXResourcesBuildPhase;
			buildActionMask = 2147483647;
			files = (
				841DCF1A2BFA9C6E006FFE27 /* Preview Assets.xcassets in Resources */,
				841DCF172BFA9C6E006FFE27 /* Assets.xcassets in Resources */,
			);
			runOnlyForDeploymentPostprocessing = 0;
		};
		841DCF1D2BFA9C6E006FFE27 /* Resources */ = {
			isa = PBXResourcesBuildPhase;
			buildActionMask = 2147483647;
			files = (
			);
			runOnlyForDeploymentPostprocessing = 0;
		};
		841DCF272BFA9C6E006FFE27 /* Resources */ = {
			isa = PBXResourcesBuildPhase;
			buildActionMask = 2147483647;
			files = (
			);
			runOnlyForDeploymentPostprocessing = 0;
		};
/* End PBXResourcesBuildPhase section */

/* Begin PBXSourcesBuildPhase section */
		841DCF0B2BFA9C6B006FFE27 /* Sources */ = {
			isa = PBXSourcesBuildPhase;
			buildActionMask = 2147483647;
			files = (
				841DCF152BFA9C6B006FFE27 /* ContentView.swift in Sources */,
				841DCF132BFA9C6B006FFE27 /* ToDoList_2024App.swift in Sources */,
			);
			runOnlyForDeploymentPostprocessing = 0;
		};
		841DCF1B2BFA9C6E006FFE27 /* Sources */ = {
			isa = PBXSourcesBuildPhase;
			buildActionMask = 2147483647;
			files = (
				841DCF242BFA9C6E006FFE27 /* ToDoList_2024Tests.swift in Sources */,
			);
			runOnlyForDeploymentPostprocessing = 0;
		};
		841DCF252BFA9C6E006FFE27 /* Sources */ = {
			isa = PBXSourcesBuildPhase;
			buildActionMask = 2147483647;
			files = (
				841DCF302BFA9C6E006FFE27 /* ToDoList_2024UITestsLaunchTests.swift in Sources */,
				841DCF2E2BFA9C6E006FFE27 /* ToDoList_2024UITests.swift in Sources */,
			);
			runOnlyForDeploymentPostprocessing = 0;
		};
/* End PBXSourcesBuildPhase section */

/* Begin PBXTargetDependency section */
		841DCF212BFA9C6E006FFE27 /* PBXTargetDependency */ = {
			isa = PBXTargetDependency;
			target = 841DCF0E2BFA9C6B006FFE27 /* ToDoList_2024 */;
			targetProxy = 841DCF202BFA9C6E006FFE27 /* PBXContainerItemProxy */;
		};
		841DCF2B2BFA9C6E006FFE27 /* PBXTargetDependency */ = {
			isa = PBXTargetDependency;
			target = 841DCF0E2BFA9C6B006FFE27 /* ToDoList_2024 */;
			targetProxy = 841DCF2A2BFA9C6E006FFE27 /* PBXContainerItemProxy */;
		};
/* End PBXTargetDependency section */

/* Begin XCBuildConfiguration section */
		841DCF312BFA9C6E006FFE27 /* Debug */ = {
			isa = XCBuildConfiguration;
			buildSettings = {
				ALWAYS_SEARCH_USER_PATHS = NO;
				ASSETCATALOG_COMPILER_GENERATE_SWIFT_ASSET_SYMBOL_EXTENSIONS = YES;
				CLANG_ANALYZER_NONNULL = YES;
				CLANG_ANALYZER_NUMBER_OBJECT_CONVERSION = YES_AGGRESSIVE;
				CLANG_CXX_LANGUAGE_STANDARD = "gnu++20";
				CLANG_ENABLE_MODULES = YES;
				CLANG_ENABLE_OBJC_ARC = YES;
				CLANG_ENABLE_OBJC_WEAK = YES;
				CLANG_WARN_BLOCK_CAPTURE_AUTORELEASING = YES;
				CLANG_WARN_BOOL_CONVERSION = YES;
				CLANG_WARN_COMMA = YES;
				CLANG_WARN_CONSTANT_CONVERSION = YES;
				CLANG_WARN_DEPRECATED_OBJC_IMPLEMENTATIONS = YES;
				CLANG_WARN_DIRECT_OBJC_ISA_USAGE = YES_ERROR;
				CLANG_WARN_DOCUMENTATION_COMMENTS = YES;
				CLANG_WARN_EMPTY_BODY = YES;
				CLANG_WARN_ENUM_CONVERSION = YES;
				CLANG_WARN_INFINITE_RECURSION = YES;
				CLANG_WARN_INT_CONVERSION = YES;
				CLANG_WARN_NON_LITERAL_NULL_CONVERSION = YES;
				CLANG_WARN_OBJC_IMPLICIT_RETAIN_SELF = YES;
				CLANG_WARN_OBJC_LITERAL_CONVERSION = YES;
				CLANG_WARN_OBJC_ROOT_CLASS = YES_ERROR;
				CLANG_WARN_QUOTED_INCLUDE_IN_FRAMEWORK_HEADER = YES;
				CLANG_WARN_RANGE_LOOP_ANALYSIS = YES;
				CLANG_WARN_STRICT_PROTOTYPES = YES;
				CLANG_WARN_SUSPICIOUS_MOVE = YES;
				CLANG_WARN_UNGUARDED_AVAILABILITY = YES_AGGRESSIVE;
				CLANG_WARN_UNREACHABLE_CODE = YES;
				CLANG_WARN__DUPLICATE_METHOD_MATCH = YES;
				COPY_PHASE_STRIP = NO;
				DEBUG_INFORMATION_FORMAT = dwarf;
				ENABLE_STRICT_OBJC_MSGSEND = YES;
				ENABLE_TESTABILITY = YES;
				ENABLE_USER_SCRIPT_SANDBOXING = YES;
				GCC_C_LANGUAGE_STANDARD = gnu17;
				GCC_DYNAMIC_NO_PIC = NO;
				GCC_NO_COMMON_BLOCKS = YES;
				GCC_OPTIMIZATION_LEVEL = 0;
				GCC_PREPROCESSOR_DEFINITIONS = (
					"DEBUG=1",
					"$(inherited)",
				);
				GCC_WARN_64_TO_32_BIT_CONVERSION = YES;
				GCC_WARN_ABOUT_RETURN_TYPE = YES_ERROR;
				GCC_WARN_UNDECLARED_SELECTOR = YES;
				GCC_WARN_UNINITIALIZED_AUTOS = YES_AGGRESSIVE;
				GCC_WARN_UNUSED_FUNCTION = YES;
				GCC_WARN_UNUSED_VARIABLE = YES;
				IPHONEOS_DEPLOYMENT_TARGET = 17.2;
				LOCALIZATION_PREFERS_STRING_CATALOGS = YES;
				MTL_ENABLE_DEBUG_INFO = INCLUDE_SOURCE;
				MTL_FAST_MATH = YES;
				ONLY_ACTIVE_ARCH = YES;
				SDKROOT = iphoneos;
				SWIFT_ACTIVE_COMPILATION_CONDITIONS = "DEBUG $(inherited)";
				SWIFT_OPTIMIZATION_LEVEL = "-Onone";
			};
			name = Debug;
		};
		841DCF322BFA9C6E006FFE27 /* Release */ = {
			isa = XCBuildConfiguration;
			buildSettings = {
				ALWAYS_SEARCH_USER_PATHS = NO;
				ASSETCATALOG_COMPILER_GENERATE_SWIFT_ASSET_SYMBOL_EXTENSIONS = YES;
				CLANG_ANALYZER_NONNULL = YES;
				CLANG_ANALYZER_NUMBER_OBJECT_CONVERSION = YES_AGGRESSIVE;
				CLANG_CXX_LANGUAGE_STANDARD = "gnu++20";
				CLANG_ENABLE_MODULES = YES;
				CLANG_ENABLE_OBJC_ARC = YES;
				CLANG_ENABLE_OBJC_WEAK = YES;
				CLANG_WARN_BLOCK_CAPTURE_AUTORELEASING = YES;
				CLANG_WARN_BOOL_CONVERSION = YES;
				CLANG_WARN_COMMA = YES;
				CLANG_WARN_CONSTANT_CONVERSION = YES;
				CLANG_WARN_DEPRECATED_OBJC_IMPLEMENTATIONS = YES;
				CLANG_WARN_DIRECT_OBJC_ISA_USAGE = YES_ERROR;
				CLANG_WARN_DOCUMENTATION_COMMENTS = YES;
				CLANG_WARN_EMPTY_BODY = YES;
				CLANG_WARN_ENUM_CONVERSION = YES;
				CLANG_WARN_INFINITE_RECURSION = YES;
				CLANG_WARN_INT_CONVERSION = YES;
				CLANG_WARN_NON_LITERAL_NULL_CONVERSION = YES;
				CLANG_WARN_OBJC_IMPLICIT_RETAIN_SELF = YES;
				CLANG_WARN_OBJC_LITERAL_CONVERSION = YES;
				CLANG_WARN_OBJC_ROOT_CLASS = YES_ERROR;
				CLANG_WARN_QUOTED_INCLUDE_IN_FRAMEWORK_HEADER = YES;
				CLANG_WARN_RANGE_LOOP_ANALYSIS = YES;
				CLANG_WARN_STRICT_PROTOTYPES = YES;
				CLANG_WARN_SUSPICIOUS_MOVE = YES;
				CLANG_WARN_UNGUARDED_AVAILABILITY = YES_AGGRESSIVE;
				CLANG_WARN_UNREACHABLE_CODE = YES;
				CLANG_WARN__DUPLICATE_METHOD_MATCH = YES;
				COPY_PHASE_STRIP = NO;
				DEBUG_INFORMATION_FORMAT = "dwarf-with-dsym";
				ENABLE_NS_ASSERTIONS = NO;
				ENABLE_STRICT_OBJC_MSGSEND = YES;
				ENABLE_USER_SCRIPT_SANDBOXING = YES;
				GCC_C_LANGUAGE_STANDARD = gnu17;
				GCC_NO_COMMON_BLOCKS = YES;
				GCC_WARN_64_TO_32_BIT_CONVERSION = YES;
				GCC_WARN_ABOUT_RETURN_TYPE = YES_ERROR;
				GCC_WARN_UNDECLARED_SELECTOR = YES;
				GCC_WARN_UNINITIALIZED_AUTOS = YES_AGGRESSIVE;
				GCC_WARN_UNUSED_FUNCTION = YES;
				GCC_WARN_UNUSED_VARIABLE = YES;
				IPHONEOS_DEPLOYMENT_TARGET = 17.2;
				LOCALIZATION_PREFERS_STRING_CATALOGS = YES;
				MTL_ENABLE_DEBUG_INFO = NO;
				MTL_FAST_MATH = YES;
				SDKROOT = iphoneos;
				SWIFT_COMPILATION_MODE = wholemodule;
				VALIDATE_PRODUCT = YES;
			};
			name = Release;
		};
		841DCF342BFA9C6E006FFE27 /* Debug */ = {
			isa = XCBuildConfiguration;
			buildSettings = {
				ASSETCATALOG_COMPILER_APPICON_NAME = AppIcon;
				ASSETCATALOG_COMPILER_GLOBAL_ACCENT_COLOR_NAME = AccentColor;
				CODE_SIGN_STYLE = Automatic;
				CURRENT_PROJECT_VERSION = 1;
				DEVELOPMENT_ASSET_PATHS = "\"ToDoList_2024/Preview Content\"";
				DEVELOPMENT_TEAM = 6C4P36HP6F;
				ENABLE_PREVIEWS = YES;
				GENERATE_INFOPLIST_FILE = YES;
				INFOPLIST_KEY_UIApplicationSceneManifest_Generation = YES;
				INFOPLIST_KEY_UIApplicationSupportsIndirectInputEvents = YES;
				INFOPLIST_KEY_UILaunchScreen_Generation = YES;
				INFOPLIST_KEY_UISupportedInterfaceOrientations_iPad = "UIInterfaceOrientationPortrait UIInterfaceOrientationPortraitUpsideDown UIInterfaceOrientationLandscapeLeft UIInterfaceOrientationLandscapeRight";
				INFOPLIST_KEY_UISupportedInterfaceOrientations_iPhone = "UIInterfaceOrientationPortrait UIInterfaceOrientationLandscapeLeft UIInterfaceOrientationLandscapeRight";
				LD_RUNPATH_SEARCH_PATHS = (
					"$(inherited)",
					"@executable_path/Frameworks",
				);
				MARKETING_VERSION = 1.0;
				PRODUCT_BUNDLE_IDENTIFIER = "OOP.ToDoList-2024";
				PRODUCT_NAME = "$(TARGET_NAME)";
				SWIFT_EMIT_LOC_STRINGS = YES;
				SWIFT_VERSION = 5.0;
				TARGETED_DEVICE_FAMILY = "1,2";
			};
			name = Debug;
		};
		841DCF352BFA9C6E006FFE27 /* Release */ = {
			isa = XCBuildConfiguration;
			buildSettings = {
				ASSETCATALOG_COMPILER_APPICON_NAME = AppIcon;
				ASSETCATALOG_COMPILER_GLOBAL_ACCENT_COLOR_NAME = AccentColor;
				CODE_SIGN_STYLE = Automatic;
				CURRENT_PROJECT_VERSION = 1;
				DEVELOPMENT_ASSET_PATHS = "\"ToDoList_2024/Preview Content\"";
				DEVELOPMENT_TEAM = 6C4P36HP6F;
				ENABLE_PREVIEWS = YES;
				GENERATE_INFOPLIST_FILE = YES;
				INFOPLIST_KEY_UIApplicationSceneManifest_Generation = YES;
				INFOPLIST_KEY_UIApplicationSupportsIndirectInputEvents = YES;
				INFOPLIST_KEY_UILaunchScreen_Generation = YES;
				INFOPLIST_KEY_UISupportedInterfaceOrientations_iPad = "UIInterfaceOrientationPortrait UIInterfaceOrientationPortraitUpsideDown UIInterfaceOrientationLandscapeLeft UIInterfaceOrientationLandscapeRight";
				INFOPLIST_KEY_UISupportedInterfaceOrientations_iPhone = "UIInterfaceOrientationPortrait UIInterfaceOrientationLandscapeLeft UIInterfaceOrientationLandscapeRight";
				LD_RUNPATH_SEARCH_PATHS = (
					"$(inherited)",
					"@executable_path/Frameworks",
				);
				MARKETING_VERSION = 1.0;
				PRODUCT_BUNDLE_IDENTIFIER = "OOP.ToDoList-2024";
				PRODUCT_NAME = "$(TARGET_NAME)";
				SWIFT_EMIT_LOC_STRINGS = YES;
				SWIFT_VERSION = 5.0;
				TARGETED_DEVICE_FAMILY = "1,2";
			};
			name = Release;
		};
		841DCF372BFA9C6E006FFE27 /* Debug */ = {
			isa = XCBuildConfiguration;
			buildSettings = {
				ALWAYS_EMBED_SWIFT_STANDARD_LIBRARIES = YES;
				BUNDLE_LOADER = "$(TEST_HOST)";
				CODE_SIGN_STYLE = Automatic;
				CURRENT_PROJECT_VERSION = 1;
				DEVELOPMENT_TEAM = 6C4P36HP6F;
				GENERATE_INFOPLIST_FILE = YES;
				IPHONEOS_DEPLOYMENT_TARGET = 17.2;
				MARKETING_VERSION = 1.0;
				PRODUCT_BUNDLE_IDENTIFIER = "OOP.ToDoList-2024Tests";
				PRODUCT_NAME = "$(TARGET_NAME)";
				SWIFT_EMIT_LOC_STRINGS = NO;
				SWIFT_VERSION = 5.0;
				TARGETED_DEVICE_FAMILY = "1,2";
				TEST_HOST = "$(BUILT_PRODUCTS_DIR)/ToDoList_2024.app/$(BUNDLE_EXECUTABLE_FOLDER_PATH)/ToDoList_2024";
			};
			name = Debug;
		};
		841DCF382BFA9C6E006FFE27 /* Release */ = {
			isa = XCBuildConfiguration;
			buildSettings = {
				ALWAYS_EMBED_SWIFT_STANDARD_LIBRARIES = YES;
				BUNDLE_LOADER = "$(TEST_HOST)";
				CODE_SIGN_STYLE = Automatic;
				CURRENT_PROJECT_VERSION = 1;
				DEVELOPMENT_TEAM = 6C4P36HP6F;
				GENERATE_INFOPLIST_FILE = YES;
				IPHONEOS_DEPLOYMENT_TARGET = 17.2;
				MARKETING_VERSION = 1.0;
				PRODUCT_BUNDLE_IDENTIFIER = "OOP.ToDoList-2024Tests";
				PRODUCT_NAME = "$(TARGET_NAME)";
				SWIFT_EMIT_LOC_STRINGS = NO;
				SWIFT_VERSION = 5.0;
				TARGETED_DEVICE_FAMILY = "1,2";
				TEST_HOST = "$(BUILT_PRODUCTS_DIR)/ToDoList_2024.app/$(BUNDLE_EXECUTABLE_FOLDER_PATH)/ToDoList_2024";
			};
			name = Release;
		};
		841DCF3A2BFA9C6E006FFE27 /* Debug */ = {
			isa = XCBuildConfiguration;
			buildSettings = {
				ALWAYS_EMBED_SWIFT_STANDARD_LIBRARIES = YES;
				CODE_SIGN_STYLE = Automatic;
				CURRENT_PROJECT_VERSION = 1;
				DEVELOPMENT_TEAM = 6C4P36HP6F;
				GENERATE_INFOPLIST_FILE = YES;
				MARKETING_VERSION = 1.0;
				PRODUCT_BUNDLE_IDENTIFIER = "OOP.ToDoList-2024UITests";
				PRODUCT_NAME = "$(TARGET_NAME)";
				SWIFT_EMIT_LOC_STRINGS = NO;
				SWIFT_VERSION = 5.0;
				TARGETED_DEVICE_FAMILY = "1,2";
				TEST_TARGET_NAME = ToDoList_2024;
			};
			name = Debug;
		};
		841DCF3B2BFA9C6E006FFE27 /* Release */ = {
			isa = XCBuildConfiguration;
			buildSettings = {
				ALWAYS_EMBED_SWIFT_STANDARD_LIBRARIES = YES;
				CODE_SIGN_STYLE = Automatic;
				CURRENT_PROJECT_VERSION = 1;
				DEVELOPMENT_TEAM = 6C4P36HP6F;
				GENERATE_INFOPLIST_FILE = YES;
				MARKETING_VERSION = 1.0;
				PRODUCT_BUNDLE_IDENTIFIER = "OOP.ToDoList-2024UITests";
				PRODUCT_NAME = "$(TARGET_NAME)";
				SWIFT_EMIT_LOC_STRINGS = NO;
				SWIFT_VERSION = 5.0;
				TARGETED_DEVICE_FAMILY = "1,2";
				TEST_TARGET_NAME = ToDoList_2024;
			};
			name = Release;
		};
/* End XCBuildConfiguration section */

/* Begin XCConfigurationList section */
		841DCF0A2BFA9C6B006FFE27 /* Build configuration list for PBXProject "ToDoList_2024" */ = {
			isa = XCConfigurationList;
			buildConfigurations = (
				841DCF312BFA9C6E006FFE27 /* Debug */,
				841DCF322BFA9C6E006FFE27 /* Release */,
			);
			defaultConfigurationIsVisible = 0;
			defaultConfigurationName = Release;
		};
		841DCF332BFA9C6E006FFE27 /* Build configuration list for PBXNativeTarget "ToDoList_2024" */ = {
			isa = XCConfigurationList;
			buildConfigurations = (
				841DCF342BFA9C6E006FFE27 /* Debug */,
				841DCF352BFA9C6E006FFE27 /* Release */,
			);
			defaultConfigurationIsVisible = 0;
			defaultConfigurationName = Release;
		};
		841DCF362BFA9C6E006FFE27 /* Build configuration list for PBXNativeTarget "ToDoList_2024Tests" */ = {
			isa = XCConfigurationList;
			buildConfigurations = (
				841DCF372BFA9C6E006FFE27 /* Debug */,
				841DCF382BFA9C6E006FFE27 /* Release */,
			);
			defaultConfigurationIsVisible = 0;
			defaultConfigurationName = Release;
		};
		841DCF392BFA9C6E006FFE27 /* Build configuration list for PBXNativeTarget "ToDoList_2024UITests" */ = {
			isa = XCConfigurationList;
			buildConfigurations = (
				841DCF3A2BFA9C6E006FFE27 /* Debug */,
				841DCF3B2BFA9C6E006FFE27 /* Release */,
			);
			defaultConfigurationIsVisible = 0;
			defaultConfigurationName = Release;
		};
/* End XCConfigurationList section */
	};
	rootObject = 841DCF072BFA9C6B006FFE27 /* Project object */;
}
